
Microsoft Visual Studio Solution File, Format Version 12.00
# Visual Studio Version 17
VisualStudioVersion = 17.5.2.0
MinimumVisualStudioVersion = 10.0.40219.1
Project("{FAE04EC0-301F-11D3-BF4B-00C04F79EFBC}") = "GarageControl", "GarageControl\GarageControl.csproj", "{E9CAFDDF-B24D-D7E7-4ADC-D6A4D9F8689E}"
EndProject
Project("{FAE04EC0-301F-11D3-BF4B-00C04F79EFBC}") = "GarageControl.Infrastructure", "GarageControl.Infrastructure\GarageControl.Infrastructure.csproj", "{E9CAFDDF-B24D-D7E7-4ADC-D6A4D9F8689F}"
EndProject
Project("{FAE04EC0-301F-11D3-BF4B-00C04F79EFBC}") = "GarageControl.Core", "GarageControl.Core\GarageControl.Core.csproj", "{BDB60F58-9065-8B69-AC22-1318D79D1CB5}"
EndProject
Project("{FAE04EC0-301F-11D3-BF4B-00C04F79EFBC}") = "GarageControl.Shared", "GarageControl.Shared\GarageControl.Shared.csproj", "{80917693-95A6-2361-85D1-6C6955B4F3F7}"
EndProject
Project("{FAE04EC0-301F-11D3-BF4B-00C04F79EFBC}") = "GarageControl.Tests", "GarageControl.Tests\GarageControl.Tests.csproj", "{6EC821D2-9E3E-4943-84EC-1C0010A110BE}"
EndProject
Global
	GlobalSection(SolutionConfigurationPlatforms) = preSolution
		Debug|Any CPU = Debug|Any CPU
		Debug|x64 = Debug|x64
		Debug|x86 = Debug|x86
		Release|Any CPU = Release|Any CPU
		Release|x64 = Release|x64
		Release|x86 = Release|x86
	EndGlobalSection
	GlobalSection(ProjectConfigurationPlatforms) = postSolution
		{E9CAFDDF-B24D-D7E7-4ADC-D6A4D9F8689E}.Debug|Any CPU.ActiveCfg = Debug|Any CPU
		{E9CAFDDF-B24D-D7E7-4ADC-D6A4D9F8689E}.Debug|Any CPU.Build.0 = Debug|Any CPU
		{E9CAFDDF-B24D-D7E7-4ADC-D6A4D9F8689E}.Debug|x64.ActiveCfg = Debug|Any CPU
		{E9CAFDDF-B24D-D7E7-4ADC-D6A4D9F8689E}.Debug|x64.Build.0 = Debug|Any CPU
		{E9CAFDDF-B24D-D7E7-4ADC-D6A4D9F8689E}.Debug|x86.ActiveCfg = Debug|Any CPU
		{E9CAFDDF-B24D-D7E7-4ADC-D6A4D9F8689E}.Debug|x86.Build.0 = Debug|Any CPU
		{E9CAFDDF-B24D-D7E7-4ADC-D6A4D9F8689E}.Release|Any CPU.ActiveCfg = Release|Any CPU
		{E9CAFDDF-B24D-D7E7-4ADC-D6A4D9F8689E}.Release|Any CPU.Build.0 = Release|Any CPU
		{E9CAFDDF-B24D-D7E7-4ADC-D6A4D9F8689E}.Release|x64.ActiveCfg = Release|Any CPU
		{E9CAFDDF-B24D-D7E7-4ADC-D6A4D9F8689E}.Release|x64.Build.0 = Release|Any CPU
		{E9CAFDDF-B24D-D7E7-4ADC-D6A4D9F8689E}.Release|x86.ActiveCfg = Release|Any CPU
		{E9CAFDDF-B24D-D7E7-4ADC-D6A4D9F8689E}.Release|x86.Build.0 = Release|Any CPU
		{E9CAFDDF-B24D-D7E7-4ADC-D6A4D9F8689F}.Debug|x64.ActiveCfg = Debug|Any CPU
		{E9CAFDDF-B24D-D7E7-4ADC-D6A4D9F8689F}.Debug|x64.Build.0 = Debug|Any CPU
		{E9CAFDDF-B24D-D7E7-4ADC-D6A4D9F8689F}.Debug|x86.ActiveCfg = Debug|Any CPU
		{E9CAFDDF-B24D-D7E7-4ADC-D6A4D9F8689F}.Debug|x86.Build.0 = Debug|Any CPU
		{E9CAFDDF-B24D-D7E7-4ADC-D6A4D9F8689F}.Release|x64.ActiveCfg = Release|Any CPU
		{E9CAFDDF-B24D-D7E7-4ADC-D6A4D9F8689F}.Release|x64.Build.0 = Release|Any CPU
		{E9CAFDDF-B24D-D7E7-4ADC-D6A4D9F8689F}.Release|x86.ActiveCfg = Release|Any CPU
		{E9CAFDDF-B24D-D7E7-4ADC-D6A4D9F8689F}.Release|x86.Build.0 = Release|Any CPU
		{BDB60F58-9065-8B69-AC22-1318D79D1CB5}.Debug|x64.ActiveCfg = Debug|Any CPU
		{BDB60F58-9065-8B69-AC22-1318D79D1CB5}.Debug|x64.Build.0 = Debug|Any CPU
		{BDB60F58-9065-8B69-AC22-1318D79D1CB5}.Debug|x86.ActiveCfg = Debug|Any CPU
		{BDB60F58-9065-8B69-AC22-1318D79D1CB5}.Debug|x86.Build.0 = Debug|Any CPU
		{BDB60F58-9065-8B69-AC22-1318D79D1CB5}.Release|x64.ActiveCfg = Release|Any CPU
		{BDB60F58-9065-8B69-AC22-1318D79D1CB5}.Release|x64.Build.0 = Release|Any CPU
		{BDB60F58-9065-8B69-AC22-1318D79D1CB5}.Release|x86.ActiveCfg = Release|Any CPU
		{BDB60F58-9065-8B69-AC22-1318D79D1CB5}.Release|x86.Build.0 = Release|Any CPU
		{80917693-95A6-2361-85D1-6C6955B4F3F7}.Debug|x64.ActiveCfg = Debug|Any CPU
		{80917693-95A6-2361-85D1-6C6955B4F3F7}.Debug|x64.Build.0 = Debug|Any CPU
		{80917693-95A6-2361-85D1-6C6955B4F3F7}.Debug|x86.ActiveCfg = Debug|Any CPU
		{80917693-95A6-2361-85D1-6C6955B4F3F7}.Debug|x86.Build.0 = Debug|Any CPU
		{80917693-95A6-2361-85D1-6C6955B4F3F7}.Release|x64.ActiveCfg = Release|Any CPU
		{80917693-95A6-2361-85D1-6C6955B4F3F7}.Release|x64.Build.0 = Release|Any CPU
		{80917693-95A6-2361-85D1-6C6955B4F3F7}.Release|x86.ActiveCfg = Release|Any CPU
		{80917693-95A6-2361-85D1-6C6955B4F3F7}.Release|x86.Build.0 = Release|Any CPU
		{6EC821D2-9E3E-4943-84EC-1C0010A110BE}.Debug|Any CPU.ActiveCfg = Debug|Any CPU
		{6EC821D2-9E3E-4943-84EC-1C0010A110BE}.Debug|Any CPU.Build.0 = Debug|Any CPU
		{6EC821D2-9E3E-4943-84EC-1C0010A110BE}.Debug|x64.ActiveCfg = Debug|Any CPU
		{6EC821D2-9E3E-4943-84EC-1C0010A110BE}.Debug|x64.Build.0 = Debug|Any CPU
		{6EC821D2-9E3E-4943-84EC-1C0010A110BE}.Debug|x86.ActiveCfg = Debug|Any CPU
		{6EC821D2-9E3E-4943-84EC-1C0010A110BE}.Debug|x86.Build.0 = Debug|Any CPU
		{6EC821D2-9E3E-4943-84EC-1C0010A110BE}.Release|Any CPU.ActiveCfg = Release|Any CPU
		{6EC821D2-9E3E-4943-84EC-1C0010A110BE}.Release|Any CPU.Build.0 = Release|Any CPU
		{6EC821D2-9E3E-4943-84EC-1C0010A110BE}.Release|x64.ActiveCfg = Release|Any CPU
		{6EC821D2-9E3E-4943-84EC-1C0010A110BE}.Release|x64.Build.0 = Release|Any CPU
		{6EC821D2-9E3E-4943-84EC-1C0010A110BE}.Release|x86.ActiveCfg = Release|Any CPU
		{6EC821D2-9E3E-4943-84EC-1C0010A110BE}.Release|x86.Build.0 = Release|Any CPU
	EndGlobalSection
	GlobalSection(SolutionProperties) = preSolution
		HideSolutionNode = FALSE
	EndGlobalSection
	GlobalSection(ExtensibilityGlobals) = postSolution
		SolutionGuid = {C0EB6F07-308F-4A43-B6C2-59B67C49951F}
	EndGlobalSection
EndGlobal
